// !$*UTF8*$!
{
	archiveVersion = 1;
	classes = {
	};
	objectVersion = 50;
	objects = {

/* Begin PBXBuildFile section */
		961137F9208F1DDA00CA7B31 /* AppDelegate.swift in Sources */ = {isa = PBXBuildFile; fileRef = 961137F8208F1DDA00CA7B31 /* AppDelegate.swift */; };
		961137FB208F1DDB00CA7B31 /* ViewController.swift in Sources */ = {isa = PBXBuildFile; fileRef = 961137FA208F1DDB00CA7B31 /* ViewController.swift */; };
		961137FE208F1DDB00CA7B31 /* Main.storyboard in Resources */ = {isa = PBXBuildFile; fileRef = 961137FC208F1DDB00CA7B31 /* Main.storyboard */; };
		96113800208F1DDC00CA7B31 /* Assets.xcassets in Resources */ = {isa = PBXBuildFile; fileRef = 961137FF208F1DDC00CA7B31 /* Assets.xcassets */; };
		96113803208F1DDC00CA7B31 /* LaunchScreen.storyboard in Resources */ = {isa = PBXBuildFile; fileRef = 96113801208F1DDC00CA7B31 /* LaunchScreen.storyboard */; };
/* End PBXBuildFile section */

/* Begin PBXFileReference section */
		961137F5208F1DDA00CA7B31 /* app04.app */ = {isa = PBXFileReference; explicitFileType = wrapper.application; includeInIndex = 0; path = app04.app; sourceTree = BUILT_PRODUCTS_DIR; };
		961137F8208F1DDA00CA7B31 /* AppDelegate.swift */ = {isa = PBXFileReference; lastKnownFileType = sourcecode.swift; path = AppDelegate.swift; sourceTree = "<group>"; };
		961137FA208F1DDB00CA7B31 /* ViewController.swift */ = {isa = PBXFileReference; lastKnownFileType = sourcecode.swift; path = ViewController.swift; sourceTree = "<group>"; };
		961137FD208F1DDB00CA7B31 /* Base */ = {isa = PBXFileReference; lastKnownFileType = file.storyboard; name = Base; path = Base.lproj/Main.storyboard; sourceTree = "<group>"; };
		961137FF208F1DDC00CA7B31 /* Assets.xcassets */ = {isa = PBXFileReference; lastKnownFileType = folder.assetcatalog; path = Assets.xcassets; sourceTree = "<group>"; };
		96113802208F1DDC00CA7B31 /* Base */ = {isa = PBXFileReference; lastKnownFileType = file.storyboard; name = Base; path = Base.lproj/LaunchScreen.storyboard; sourceTree = "<group>"; };
		96113804208F1DDD00CA7B31 /* Info.plist */ = {isa = PBXFileReference; lastKnownFileType = text.plist.xml; path = Info.plist; sourceTree = "<group>"; };
/* End PBXFileReference section */

/* Begin PBXFrameworksBuildPhase section */
		961137F2208F1DDA00CA7B31 /* Frameworks */ = {
			isa = PBXFrameworksBuildPhase;
			buildActionMask = 2147483647;
			files = (
			);
			runOnlyForDeploymentPostprocessing = 0;
		};
/* End PBXFrameworksBuildPhase section */

/* Begin PBXGroup section */
		961137EC208F1DDA00CA7B31 = {
			isa = PBXGroup;
			children = (
				961137F7208F1DDA00CA7B31 /* app04 */,
				961137F6208F1DDA00CA7B31 /* Products */,
			);
			sourceTree = "<group>";
		};
		961137F6208F1DDA00CA7B31 /* Products */ = {
			isa = PBXGroup;
			children = (
				961137F5208F1DDA00CA7B31 /* app04.app */,
			);
			name = Products;
			sourceTree = "<group>";
		};
		961137F7208F1DDA00CA7B31 /* app04 */ = {
			isa = PBXGroup;
			children = (
				961137F8208F1DDA00CA7B31 /* AppDelegate.swift */,
				961137FA208F1DDB00CA7B31 /* ViewController.swift */,
				961137FC208F1DDB00CA7B31 /* Main.storyboard */,
				961137FF208F1DDC00CA7B31 /* Assets.xcassets */,
				96113801208F1DDC00CA7B31 /* LaunchScreen.storyboard */,
				96113804208F1DDD00CA7B31 /* Info.plist */,
			);
			path = app04;
			sourceTree = "<group>";
		};
/* End PBXGroup section */

/* Begin PBXNativeTarget section */
		961137F4208F1DDA00CA7B31 /* app04 */ = {
			isa = PBXNativeTarget;
			buildConfigurationList = 96113807208F1DDD00CA7B31 /* Build configuration list for PBXNativeTarget "app04" */;
			buildPhases = (
				961137F1208F1DDA00CA7B31 /* Sources */,
				961137F2208F1DDA00CA7B31 /* Frameworks */,
				961137F3208F1DDA00CA7B31 /* Resources */,
			);
			buildRules = (
			);
			dependencies = (
			);
			name = app04;
			productName = app04;
			productReference = 961137F5208F1DDA00CA7B31 /* app04.app */;
			productType = "com.apple.product-type.application";
		};
/* End PBXNativeTarget section */

/* Begin PBXProject section */
		961137ED208F1DDA00CA7B31 /* Project object */ = {
			isa = PBXProject;
			attributes = {
				LastSwiftUpdateCheck = 0930;
				LastUpgradeCheck = 0930;
				ORGANIZATIONNAME = lianan;
				TargetAttributes = {
					961137F4208F1DDA00CA7B31 = {
						CreatedOnToolsVersion = 9.3;
					};
				};
			};
			buildConfigurationList = 961137F0208F1DDA00CA7B31 /* Build configuration list for PBXProject "app04" */;
			compatibilityVersion = "Xcode 9.3";
			developmentRegion = en;
			hasScannedForEncodings = 0;
			knownRegions = (
				en,
				Base,
			);
			mainGroup = 961137EC208F1DDA00CA7B31;
			productRefGroup = 961137F6208F1DDA00CA7B31 /* Products */;
			projectDirPath = "";
			projectRoot = "";
			targets = (
				961137F4208F1DDA00CA7B31 /* app04 */,
			);
		};
/* End PBXProject section */

/* Begin PBXResourcesBuildPhase section */
		961137F3208F1DDA00CA7B31 /* Resources */ = {
			isa = PBXResourcesBuildPhase;
			buildActionMask = 2147483647;
			files = (
				96113803208F1DDC00CA7B31 /* LaunchScreen.storyboard in Resources */,
				96113800208F1DDC00CA7B31 /* Assets.xcassets in Resources */,
				961137FE208F1DDB00CA7B31 /* Main.storyboard in Resources */,
			);
			runOnlyForDeploymentPostprocessing = 0;
		};
/* End PBXResourcesBuildPhase section */

/* Begin PBXSourcesBuildPhase section */
		961137F1208F1DDA00CA7B31 /* Sources */ = {
			isa = PBXSourcesBuildPhase;
			buildActionMask = 2147483647;
			files = (
				961137FB208F1DDB00CA7B31 /* ViewController.swift in Sources */,
				961137F9208F1DDA00CA7B31 /* AppDelegate.swift in Sources */,
			);
			runOnlyForDeploymentPostprocessing = 0;
		};
/* End PBXSourcesBuildPhase section */

/* Begin PBXVariantGroup section */
		961137FC208F1DDB00CA7B31 /* Main.storyboard */ = {
			isa = PBXVariantGroup;
			children = (
				961137FD208F1DDB00CA7B31 /* Base */,
			);
			name = Main.storyboard;
			sourceTree = "<group>";
		};
		96113801208F1DDC00CA7B31 /* LaunchScreen.storyboard */ = {
			isa = PBXVariantGroup;
			children = (
				96113802208F1DDC00CA7B31 /* Base */,
			);
			name = LaunchScreen.storyboard;
			sourceTree = "<group>";
		};
/* End PBXVariantGroup section */

/* Begin XCBuildConfiguration section */
		96113805208F1DDD00CA7B31 /* Debug */ = {
			isa = XCBuildConfiguration;
			buildSettings = {
				ALWAYS_SEARCH_USER_PATHS = NO;
				CLANG_ANALYZER_NONNULL = YES;
				CLANG_ANALYZER_NUMBER_OBJECT_CONVERSION = YES_AGGRESSIVE;
				CLANG_CXX_LANGUAGE_STANDARD = "gnu++14";
				CLANG_CXX_LIBRARY = "libc++";
				CLANG_ENABLE_MODULES = YES;
				CLANG_ENABLE_OBJC_ARC = YES;
				CLANG_ENABLE_OBJC_WEAK = YES;
				CLANG_WARN_BLOCK_CAPTURE_AUTORELEASING = YES;
				CLANG_WARN_BOOL_CONVERSION = YES;
				CLANG_WARN_COMMA = YES;
				CLANG_WARN_CONSTANT_CONVERSION = YES;
				CLANG_WARN_DEPRECATED_OBJC_IMPLEMENTATIONS = YES;
				CLANG_WARN_DIRECT_OBJC_ISA_USAGE = YES_ERROR;
				CLANG_WARN_DOCUMENTATION_COMMENTS = YES;
				CLANG_WARN_EMPTY_BODY = YES;
				CLANG_WARN_ENUM_CONVERSION = YES;
				CLANG_WARN_INFINITE_RECURSION = YES;
				CLANG_WARN_INT_CONVERSION = YES;
				CLANG_WARN_NON_LITERAL_NULL_CONVERSION = YES;
				CLANG_WARN_OBJC_IMPLICIT_RETAIN_SELF = YES;
				CLANG_WARN_OBJC_LITERAL_CONVERSION = YES;
				CLANG_WARN_OBJC_ROOT_CLASS = YES_ERROR;
				CLANG_WARN_RANGE_LOOP_ANALYSIS = YES;
				CLANG_WARN_STRICT_PROTOTYPES = YES;
				CLANG_WARN_SUSPICIOUS_MOVE = YES;
				CLANG_WARN_UNGUARDED_AVAILABILITY = YES_AGGRESSIVE;
				CLANG_WARN_UNREACHABLE_CODE = YES;
				CLANG_WARN__DUPLICATE_METHOD_MATCH = YES;
				CODE_SIGN_IDENTITY = "iPhone Developer";
				COPY_PHASE_STRIP = NO;
				DEBUG_INFORMATION_FORMAT = dwarf;
				ENABLE_STRICT_OBJC_MSGSEND = YES;
				ENABLE_TESTABILITY = YES;
				GCC_C_LANGUAGE_STANDARD = gnu11;
				GCC_DYNAMIC_NO_PIC = NO;
				GCC_NO_COMMON_BLOCKS = YES;
				GCC_OPTIMIZATION_LEVEL = 0;
				GCC_PREPROCESSOR_DEFINITIONS = (
					"DEBUG=1",
					"$(inherited)",
				);
				GCC_WARN_64_TO_32_BIT_CONVERSION = YES;
				GCC_WARN_ABOUT_RETURN_TYPE = YES_ERROR;
				GCC_WARN_UNDECLARED_SELECTOR = YES;
				GCC_WARN_UNINITIALIZED_AUTOS = YES_AGGRESSIVE;
				GCC_WARN_UNUSED_FUNCTION = YES;
				GCC_WARN_UNUSED_VARIABLE = YES;
				IPHONEOS_DEPLOYMENT_TARGET = 11.3;
				MTL_ENABLE_DEBUG_INFO = YES;
				ONLY_ACTIVE_ARCH = YES;
				SDKROOT = iphoneos;
				SWIFT_ACTIVE_COMPILATION_CONDITIONS = DEBUG;
				SWIFT_OPTIMIZATION_LEVEL = "-Onone";
			};
			name = Debug;
		};
		96113806208F1DDD00CA7B31 /* Release */ = {
			isa = XCBuildConfiguration;
			buildSettings = {
				ALWAYS_SEARCH_USER_PATHS = NO;
				CLANG_ANALYZER_NONNULL = YES;
				CLANG_ANALYZER_NUMBER_OBJECT_CONVERSION = YES_AGGRESSIVE;
				CLANG_CXX_LANGUAGE_STANDARD = "gnu++14";
				CLANG_CXX_LIBRARY = "libc++";
				CLANG_ENABLE_MODULES = YES;
				CLANG_ENABLE_OBJC_ARC = YES;
				CLANG_ENABLE_OBJC_WEAK = YES;
				CLANG_WARN_BLOCK_CAPTURE_AUTORELEASING = YES;
				CLANG_WARN_BOOL_CONVERSION = YES;
				CLANG_WARN_COMMA = YES;
				CLANG_WARN_CONSTANT_CONVERSION = YES;
				CLANG_WARN_DEPRECATED_OBJC_IMPLEMENTATIONS = YES;
				CLANG_WARN_DIRECT_OBJC_ISA_USAGE = YES_ERROR;
				CLANG_WARN_DOCUMENTATION_COMMENTS = YES;
				CLANG_WARN_EMPTY_BODY = YES;
				CLANG_WARN_ENUM_CONVERSION = YES;
				CLANG_WARN_INFINITE_RECURSION = YES;
				CLANG_WARN_INT_CONVERSION = YES;
				CLANG_WARN_NON_LITERAL_NULL_CONVERSION = YES;
				CLANG_WARN_OBJC_IMPLICIT_RETAIN_SELF = YES;
				CLANG_WARN_OBJC_LITERAL_CONVERSION = YES;
				CLANG_WARN_OBJC_ROOT_CLASS = YES_ERROR;
				CLANG_WARN_RANGE_LOOP_ANALYSIS = YES;
				CLANG_WARN_STRICT_PROTOTYPES = YES;
				CLANG_WARN_SUSPICIOUS_MOVE = YES;
				CLANG_WARN_UNGUARDED_AVAILABILITY = YES_AGGRESSIVE;
				CLANG_WARN_UNREACHABLE_CODE = YES;
				CLANG_WARN__DUPLICATE_METHOD_MATCH = YES;
				CODE_SIGN_IDENTITY = "iPhone Developer";
				COPY_PHASE_STRIP = NO;
				DEBUG_INFORMATION_FORMAT = "dwarf-with-dsym";
				ENABLE_NS_ASSERTIONS = NO;
				ENABLE_STRICT_OBJC_MSGSEND = YES;
				GCC_C_LANGUAGE_STANDARD = gnu11;
				GCC_NO_COMMON_BLOCKS = YES;
				GCC_WARN_64_TO_32_BIT_CONVERSION = YES;
				GCC_WARN_ABOUT_RETURN_TYPE = YES_ERROR;
				GCC_WARN_UNDECLARED_SELECTOR = YES;
				GCC_WARN_UNINITIALIZED_AUTOS = YES_AGGRESSIVE;
				GCC_WARN_UNUSED_FUNCTION = YES;
				GCC_WARN_UNUSED_VARIABLE = YES;
				IPHONEOS_DEPLOYMENT_TARGET = 11.3;
				MTL_ENABLE_DEBUG_INFO = NO;
				SDKROOT = iphoneos;
				SWIFT_COMPILATION_MODE = wholemodule;
				SWIFT_OPTIMIZATION_LEVEL = "-O";
				VALIDATE_PRODUCT = YES;
			};
			name = Release;
		};
		96113808208F1DDD00CA7B31 /* Debug */ = {
			isa = XCBuildConfiguration;
			buildSettings = {
				ASSETCATALOG_COMPILER_APPICON_NAME = AppIcon;
				CODE_SIGN_STYLE = Automatic;
				DEVELOPMENT_TEAM = A84CT9FGZN;
				INFOPLIST_FILE = app04/Info.plist;
				LD_RUNPATH_SEARCH_PATHS = (
					"$(inherited)",
					"@executable_path/Frameworks",
				);
				PRODUCT_BUNDLE_IDENTIFIER = com.lianan.app04;
				PRODUCT_NAME = "$(TARGET_NAME)";
				SWIFT_VERSION = 4.0;
				TARGETED_DEVICE_FAMILY = "1,2";
			};
			name = Debug;
		};
		96113809208F1DDD00CA7B31 /* Release */ = {
			isa = XCBuildConfiguration;
			buildSettings = {
				ASSETCATALOG_COMPILER_APPICON_NAME = AppIcon;
				CODE_SIGN_STYLE = Automatic;
				DEVELOPMENT_TEAM = A84CT9FGZN;
				INFOPLIST_FILE = app04/Info.plist;
				LD_RUNPATH_SEARCH_PATHS = (
					"$(inherited)",
					"@executable_path/Frameworks",
				);
				PRODUCT_BUNDLE_IDENTIFIER = com.lianan.app04;
				PRODUCT_NAME = "$(TARGET_NAME)";
				SWIFT_VERSION = 4.0;
				TARGETED_DEVICE_FAMILY = "1,2";
			};
			name = Release;
		};
/* End XCBuildConfiguration section */

/* Begin XCConfigurationList section */
		961137F0208F1DDA00CA7B31 /* Build configuration list for PBXProject "app04" */ = {
			isa = XCConfigurationList;
			buildConfigurations = (
				96113805208F1DDD00CA7B31 /* Debug */,
				96113806208F1DDD00CA7B31 /* Release */,
			);
			defaultConfigurationIsVisible = 0;
			defaultConfigurationName = Release;
		};
		96113807208F1DDD00CA7B31 /* Build configuration list for PBXNativeTarget "app04" */ = {
			isa = XCConfigurationList;
			buildConfigurations = (
				96113808208F1DDD00CA7B31 /* Debug */,
				96113809208F1DDD00CA7B31 /* Release */,
			);
			defaultConfigurationIsVisible = 0;
			defaultConfigurationName = Release;
		};
/* End XCConfigurationList section */
	};
	rootObject = 961137ED208F1DDA00CA7B31 /* Project object */;
}
